// !$*UTF8*$!
{
	archiveVersion = 1;
	classes = {
	};
	objectVersion = 46;
	objects = {

/* Begin PBXBuildFile section */
		AA9117BF1DFBF53B00125FBC /* AppDelegate.swift in Sources */ = {isa = PBXBuildFile; fileRef = AA9117BE1DFBF53B00125FBC /* AppDelegate.swift */; };
		AA9117C11DFBF53B00125FBC /* ViewController.swift in Sources */ = {isa = PBXBuildFile; fileRef = AA9117C01DFBF53B00125FBC /* ViewController.swift */; };
		AA9117C41DFBF53B00125FBC /* Main.storyboard in Resources */ = {isa = PBXBuildFile; fileRef = AA9117C21DFBF53B00125FBC /* Main.storyboard */; };
		AA9117C61DFBF53B00125FBC /* Assets.xcassets in Resources */ = {isa = PBXBuildFile; fileRef = AA9117C51DFBF53B00125FBC /* Assets.xcassets */; };
		AA9117C91DFBF53B00125FBC /* LaunchScreen.storyboard in Resources */ = {isa = PBXBuildFile; fileRef = AA9117C71DFBF53B00125FBC /* LaunchScreen.storyboard */; };
		AA9117D41DFBF53B00125FBC /* DLCalculatorTests.swift in Sources */ = {isa = PBXBuildFile; fileRef = AA9117D31DFBF53B00125FBC /* DLCalculatorTests.swift */; };
		AA9117DF1DFBF53B00125FBC /* DLCalculatorUITests.swift in Sources */ = {isa = PBXBuildFile; fileRef = AA9117DE1DFBF53B00125FBC /* DLCalculatorUITests.swift */; };
		AACFA1101E00DA8D00DB4B29 /* btn.wav in Resources */ = {isa = PBXBuildFile; fileRef = AACFA10F1E00DA8D00DB4B29 /* btn.wav */; };
		AACFA1181E023A6400DB4B29 /* Minecraft.ttf in Resources */ = {isa = PBXBuildFile; fileRef = AACFA1171E023A6400DB4B29 /* Minecraft.ttf */; };
/* End PBXBuildFile section */

/* Begin PBXContainerItemProxy section */
		AA9117D01DFBF53B00125FBC /* PBXContainerItemProxy */ = {
			isa = PBXContainerItemProxy;
			containerPortal = AA9117B31DFBF53B00125FBC /* Project object */;
			proxyType = 1;
			remoteGlobalIDString = AA9117BA1DFBF53B00125FBC;
			remoteInfo = DLCalculator;
		};
		AA9117DB1DFBF53B00125FBC /* PBXContainerItemProxy */ = {
			isa = PBXContainerItemProxy;
			containerPortal = AA9117B31DFBF53B00125FBC /* Project object */;
			proxyType = 1;
			remoteGlobalIDString = AA9117BA1DFBF53B00125FBC;
			remoteInfo = DLCalculator;
		};
/* End PBXContainerItemProxy section */

/* Begin PBXFileReference section */
		AA9117BB1DFBF53B00125FBC /* DLCalculator.app */ = {isa = PBXFileReference; explicitFileType = wrapper.application; includeInIndex = 0; path = DLCalculator.app; sourceTree = BUILT_PRODUCTS_DIR; };
		AA9117BE1DFBF53B00125FBC /* AppDelegate.swift */ = {isa = PBXFileReference; lastKnownFileType = sourcecode.swift; path = AppDelegate.swift; sourceTree = "<group>"; };
		AA9117C01DFBF53B00125FBC /* ViewController.swift */ = {isa = PBXFileReference; lastKnownFileType = sourcecode.swift; path = ViewController.swift; sourceTree = "<group>"; };
		AA9117C31DFBF53B00125FBC /* Base */ = {isa = PBXFileReference; lastKnownFileType = file.storyboard; name = Base; path = Base.lproj/Main.storyboard; sourceTree = "<group>"; };
		AA9117C51DFBF53B00125FBC /* Assets.xcassets */ = {isa = PBXFileReference; lastKnownFileType = folder.assetcatalog; path = Assets.xcassets; sourceTree = "<group>"; };
		AA9117C81DFBF53B00125FBC /* Base */ = {isa = PBXFileReference; lastKnownFileType = file.storyboard; name = Base; path = Base.lproj/LaunchScreen.storyboard; sourceTree = "<group>"; };
		AA9117CA1DFBF53B00125FBC /* Info.plist */ = {isa = PBXFileReference; lastKnownFileType = text.plist.xml; path = Info.plist; sourceTree = "<group>"; };
		AA9117CF1DFBF53B00125FBC /* DLCalculatorTests.xctest */ = {isa = PBXFileReference; explicitFileType = wrapper.cfbundle; includeInIndex = 0; path = DLCalculatorTests.xctest; sourceTree = BUILT_PRODUCTS_DIR; };
		AA9117D31DFBF53B00125FBC /* DLCalculatorTests.swift */ = {isa = PBXFileReference; lastKnownFileType = sourcecode.swift; path = DLCalculatorTests.swift; sourceTree = "<group>"; };
		AA9117D51DFBF53B00125FBC /* Info.plist */ = {isa = PBXFileReference; lastKnownFileType = text.plist.xml; path = Info.plist; sourceTree = "<group>"; };
		AA9117DA1DFBF53B00125FBC /* DLCalculatorUITests.xctest */ = {isa = PBXFileReference; explicitFileType = wrapper.cfbundle; includeInIndex = 0; path = DLCalculatorUITests.xctest; sourceTree = BUILT_PRODUCTS_DIR; };
		AA9117DE1DFBF53B00125FBC /* DLCalculatorUITests.swift */ = {isa = PBXFileReference; lastKnownFileType = sourcecode.swift; path = DLCalculatorUITests.swift; sourceTree = "<group>"; };
		AA9117E01DFBF53B00125FBC /* Info.plist */ = {isa = PBXFileReference; lastKnownFileType = text.plist.xml; path = Info.plist; sourceTree = "<group>"; };
		AACFA10F1E00DA8D00DB4B29 /* btn.wav */ = {isa = PBXFileReference; lastKnownFileType = audio.wav; path = btn.wav; sourceTree = "<group>"; };
		AACFA1171E023A6400DB4B29 /* Minecraft.ttf */ = {isa = PBXFileReference; lastKnownFileType = file; path = Minecraft.ttf; sourceTree = "<group>"; };
/* End PBXFileReference section */

/* Begin PBXFrameworksBuildPhase section */
		AA9117B81DFBF53B00125FBC /* Frameworks */ = {
			isa = PBXFrameworksBuildPhase;
			buildActionMask = 2147483647;
			files = (
			);
			runOnlyForDeploymentPostprocessing = 0;
		};
		AA9117CC1DFBF53B00125FBC /* Frameworks */ = {
			isa = PBXFrameworksBuildPhase;
			buildActionMask = 2147483647;
			files = (
			);
			runOnlyForDeploymentPostprocessing = 0;
		};
		AA9117D71DFBF53B00125FBC /* Frameworks */ = {
			isa = PBXFrameworksBuildPhase;
			buildActionMask = 2147483647;
			files = (
			);
			runOnlyForDeploymentPostprocessing = 0;
		};
/* End PBXFrameworksBuildPhase section */

/* Begin PBXGroup section */
		AA9117B21DFBF53B00125FBC = {
			isa = PBXGroup;
			children = (
				AA9117BD1DFBF53B00125FBC /* DLCalculator */,
				AA9117D21DFBF53B00125FBC /* DLCalculatorTests */,
				AA9117DD1DFBF53B00125FBC /* DLCalculatorUITests */,
				AA9117BC1DFBF53B00125FBC /* Products */,
			);
			sourceTree = "<group>";
		};
		AA9117BC1DFBF53B00125FBC /* Products */ = {
			isa = PBXGroup;
			children = (
				AA9117BB1DFBF53B00125FBC /* DLCalculator.app */,
				AA9117CF1DFBF53B00125FBC /* DLCalculatorTests.xctest */,
				AA9117DA1DFBF53B00125FBC /* DLCalculatorUITests.xctest */,
			);
			name = Products;
			sourceTree = "<group>";
		};
		AA9117BD1DFBF53B00125FBC /* DLCalculator */ = {
			isa = PBXGroup;
			children = (
				AACFA1171E023A6400DB4B29 /* Minecraft.ttf */,
				AACFA10F1E00DA8D00DB4B29 /* btn.wav */,
				AA9117BE1DFBF53B00125FBC /* AppDelegate.swift */,
				AA9117C01DFBF53B00125FBC /* ViewController.swift */,
				AA9117C21DFBF53B00125FBC /* Main.storyboard */,
				AA9117C51DFBF53B00125FBC /* Assets.xcassets */,
				AA9117C71DFBF53B00125FBC /* LaunchScreen.storyboard */,
				AA9117CA1DFBF53B00125FBC /* Info.plist */,
			);
			path = DLCalculator;
			sourceTree = "<group>";
		};
		AA9117D21DFBF53B00125FBC /* DLCalculatorTests */ = {
			isa = PBXGroup;
			children = (
				AA9117D31DFBF53B00125FBC /* DLCalculatorTests.swift */,
				AA9117D51DFBF53B00125FBC /* Info.plist */,
			);
			path = DLCalculatorTests;
			sourceTree = "<group>";
		};
		AA9117DD1DFBF53B00125FBC /* DLCalculatorUITests */ = {
			isa = PBXGroup;
			children = (
				AA9117DE1DFBF53B00125FBC /* DLCalculatorUITests.swift */,
				AA9117E01DFBF53B00125FBC /* Info.plist */,
			);
			path = DLCalculatorUITests;
			sourceTree = "<group>";
		};
/* End PBXGroup section */

/* Begin PBXNativeTarget section */
		AA9117BA1DFBF53B00125FBC /* DLCalculator */ = {
			isa = PBXNativeTarget;
			buildConfigurationList = AA9117E31DFBF53B00125FBC /* Build configuration list for PBXNativeTarget "DLCalculator" */;
			buildPhases = (
				AA9117B71DFBF53B00125FBC /* Sources */,
				AA9117B81DFBF53B00125FBC /* Frameworks */,
				AA9117B91DFBF53B00125FBC /* Resources */,
			);
			buildRules = (
			);
			dependencies = (
			);
			name = DLCalculator;
			productName = DLCalculator;
			productReference = AA9117BB1DFBF53B00125FBC /* DLCalculator.app */;
			productType = "com.apple.product-type.application";
		};
		AA9117CE1DFBF53B00125FBC /* DLCalculatorTests */ = {
			isa = PBXNativeTarget;
			buildConfigurationList = AA9117E61DFBF53B00125FBC /* Build configuration list for PBXNativeTarget "DLCalculatorTests" */;
			buildPhases = (
				AA9117CB1DFBF53B00125FBC /* Sources */,
				AA9117CC1DFBF53B00125FBC /* Frameworks */,
				AA9117CD1DFBF53B00125FBC /* Resources */,
			);
			buildRules = (
			);
			dependencies = (
				AA9117D11DFBF53B00125FBC /* PBXTargetDependency */,
			);
			name = DLCalculatorTests;
			productName = DLCalculatorTests;
			productReference = AA9117CF1DFBF53B00125FBC /* DLCalculatorTests.xctest */;
			productType = "com.apple.product-type.bundle.unit-test";
		};
		AA9117D91DFBF53B00125FBC /* DLCalculatorUITests */ = {
			isa = PBXNativeTarget;
			buildConfigurationList = AA9117E91DFBF53B00125FBC /* Build configuration list for PBXNativeTarget "DLCalculatorUITests" */;
			buildPhases = (
				AA9117D61DFBF53B00125FBC /* Sources */,
				AA9117D71DFBF53B00125FBC /* Frameworks */,
				AA9117D81DFBF53B00125FBC /* Resources */,
			);
			buildRules = (
			);
			dependencies = (
				AA9117DC1DFBF53B00125FBC /* PBXTargetDependency */,
			);
			name = DLCalculatorUITests;
			productName = DLCalculatorUITests;
			productReference = AA9117DA1DFBF53B00125FBC /* DLCalculatorUITests.xctest */;
			productType = "com.apple.product-type.bundle.ui-testing";
		};
/* End PBXNativeTarget section */

/* Begin PBXProject section */
		AA9117B31DFBF53B00125FBC /* Project object */ = {
			isa = PBXProject;
			attributes = {
				LastSwiftUpdateCheck = 0810;
				LastUpgradeCheck = 0810;
				ORGANIZATIONNAME = FT_David;
				TargetAttributes = {
					AA9117BA1DFBF53B00125FBC = {
						CreatedOnToolsVersion = 8.1;
						DevelopmentTeam = LN7UHJEGQE;
						ProvisioningStyle = Automatic;
					};
					AA9117CE1DFBF53B00125FBC = {
						CreatedOnToolsVersion = 8.1;
						DevelopmentTeam = LN7UHJEGQE;
						ProvisioningStyle = Automatic;
						TestTargetID = AA9117BA1DFBF53B00125FBC;
					};
					AA9117D91DFBF53B00125FBC = {
						CreatedOnToolsVersion = 8.1;
						DevelopmentTeam = LN7UHJEGQE;
						ProvisioningStyle = Automatic;
						TestTargetID = AA9117BA1DFBF53B00125FBC;
					};
				};
			};
			buildConfigurationList = AA9117B61DFBF53B00125FBC /* Build configuration list for PBXProject "DLCalculator" */;
			compatibilityVersion = "Xcode 3.2";
			developmentRegion = English;
			hasScannedForEncodings = 0;
			knownRegions = (
				en,
				Base,
			);
			mainGroup = AA9117B21DFBF53B00125FBC;
			productRefGroup = AA9117BC1DFBF53B00125FBC /* Products */;
			projectDirPath = "";
			projectRoot = "";
			targets = (
				AA9117BA1DFBF53B00125FBC /* DLCalculator */,
				AA9117CE1DFBF53B00125FBC /* DLCalculatorTests */,
				AA9117D91DFBF53B00125FBC /* DLCalculatorUITests */,
			);
		};
/* End PBXProject section */

/* Begin PBXResourcesBuildPhase section */
		AA9117B91DFBF53B00125FBC /* Resources */ = {
			isa = PBXResourcesBuildPhase;
			buildActionMask = 2147483647;
			files = (
				AA9117C91DFBF53B00125FBC /* LaunchScreen.storyboard in Resources */,
				AA9117C61DFBF53B00125FBC /* Assets.xcassets in Resources */,
				AACFA1181E023A6400DB4B29 /* Minecraft.ttf in Resources */,
				AA9117C41DFBF53B00125FBC /* Main.storyboard in Resources */,
				AACFA1101E00DA8D00DB4B29 /* btn.wav in Resources */,
			);
			runOnlyForDeploymentPostprocessing = 0;
		};
		AA9117CD1DFBF53B00125FBC /* Resources */ = {
			isa = PBXResourcesBuildPhase;
			buildActionMask = 2147483647;
			files = (
			);
			runOnlyForDeploymentPostprocessing = 0;
		};
		AA9117D81DFBF53B00125FBC /* Resources */ = {
			isa = PBXResourcesBuildPhase;
			buildActionMask = 2147483647;
			files = (
			);
			runOnlyForDeploymentPostprocessing = 0;
		};
/* End PBXResourcesBuildPhase section */

/* Begin PBXSourcesBuildPhase section */
		AA9117B71DFBF53B00125FBC /* Sources */ = {
			isa = PBXSourcesBuildPhase;
			buildActionMask = 2147483647;
			files = (
				AA9117C11DFBF53B00125FBC /* ViewController.swift in Sources */,
				AA9117BF1DFBF53B00125FBC /* AppDelegate.swift in Sources */,
			);
			runOnlyForDeploymentPostprocessing = 0;
		};
		AA9117CB1DFBF53B00125FBC /* Sources */ = {
			isa = PBXSourcesBuildPhase;
			buildActionMask = 2147483647;
			files = (
				AA9117D41DFBF53B00125FBC /* DLCalculatorTests.swift in Sources */,
			);
			runOnlyForDeploymentPostprocessing = 0;
		};
		AA9117D61DFBF53B00125FBC /* Sources */ = {
			isa = PBXSourcesBuildPhase;
			buildActionMask = 2147483647;
			files = (
				AA9117DF1DFBF53B00125FBC /* DLCalculatorUITests.swift in Sources */,
			);
			runOnlyForDeploymentPostprocessing = 0;
		};
/* End PBXSourcesBuildPhase section */

/* Begin PBXTargetDependency section */
		AA9117D11DFBF53B00125FBC /* PBXTargetDependency */ = {
			isa = PBXTargetDependency;
			target = AA9117BA1DFBF53B00125FBC /* DLCalculator */;
			targetProxy = AA9117D01DFBF53B00125FBC /* PBXContainerItemProxy */;
		};
		AA9117DC1DFBF53B00125FBC /* PBXTargetDependency */ = {
			isa = PBXTargetDependency;
			target = AA9117BA1DFBF53B00125FBC /* DLCalculator */;
			targetProxy = AA9117DB1DFBF53B00125FBC /* PBXContainerItemProxy */;
		};
/* End PBXTargetDependency section */

/* Begin PBXVariantGroup section */
		AA9117C21DFBF53B00125FBC /* Main.storyboard */ = {
			isa = PBXVariantGroup;
			children = (
				AA9117C31DFBF53B00125FBC /* Base */,
			);
			name = Main.storyboard;
			sourceTree = "<group>";
		};
		AA9117C71DFBF53B00125FBC /* LaunchScreen.storyboard */ = {
			isa = PBXVariantGroup;
			children = (
				AA9117C81DFBF53B00125FBC /* Base */,
			);
			name = LaunchScreen.storyboard;
			sourceTree = "<group>";
		};
/* End PBXVariantGroup section */

/* Begin XCBuildConfiguration section */
		AA9117E11DFBF53B00125FBC /* Debug */ = {
			isa = XCBuildConfiguration;
			buildSettings = {
				ALWAYS_SEARCH_USER_PATHS = NO;
				CLANG_ANALYZER_NONNULL = YES;
				CLANG_CXX_LANGUAGE_STANDARD = "gnu++0x";
				CLANG_CXX_LIBRARY = "libc++";
				CLANG_ENABLE_MODULES = YES;
				CLANG_ENABLE_OBJC_ARC = YES;
				CLANG_WARN_BOOL_CONVERSION = YES;
				CLANG_WARN_CONSTANT_CONVERSION = YES;
				CLANG_WARN_DIRECT_OBJC_ISA_USAGE = YES_ERROR;
				CLANG_WARN_DOCUMENTATION_COMMENTS = YES;
				CLANG_WARN_EMPTY_BODY = YES;
				CLANG_WARN_ENUM_CONVERSION = YES;
				CLANG_WARN_INFINITE_RECURSION = YES;
				CLANG_WARN_INT_CONVERSION = YES;
				CLANG_WARN_OBJC_ROOT_CLASS = YES_ERROR;
				CLANG_WARN_SUSPICIOUS_MOVES = YES;
				CLANG_WARN_UNREACHABLE_CODE = YES;
				CLANG_WARN__DUPLICATE_METHOD_MATCH = YES;
				"CODE_SIGN_IDENTITY[sdk=iphoneos*]" = "iPhone Developer";
				COPY_PHASE_STRIP = NO;
				DEBUG_INFORMATION_FORMAT = dwarf;
				ENABLE_STRICT_OBJC_MSGSEND = YES;
				ENABLE_TESTABILITY = YES;
				GCC_C_LANGUAGE_STANDARD = gnu99;
				GCC_DYNAMIC_NO_PIC = NO;
				GCC_NO_COMMON_BLOCKS = YES;
				GCC_OPTIMIZATION_LEVEL = 0;
				GCC_PREPROCESSOR_DEFINITIONS = (
					"DEBUG=1",
					"$(inherited)",
				);
				GCC_WARN_64_TO_32_BIT_CONVERSION = YES;
				GCC_WARN_ABOUT_RETURN_TYPE = YES_ERROR;
				GCC_WARN_UNDECLARED_SELECTOR = YES;
				GCC_WARN_UNINITIALIZED_AUTOS = YES_AGGRESSIVE;
				GCC_WARN_UNUSED_FUNCTION = YES;
				GCC_WARN_UNUSED_VARIABLE = YES;
				IPHONEOS_DEPLOYMENT_TARGET = 10.1;
				MTL_ENABLE_DEBUG_INFO = YES;
				ONLY_ACTIVE_ARCH = YES;
				SDKROOT = iphoneos;
				SWIFT_ACTIVE_COMPILATION_CONDITIONS = DEBUG;
				SWIFT_OPTIMIZATION_LEVEL = "-Onone";
			};
			name = Debug;
		};
		AA9117E21DFBF53B00125FBC /* Release */ = {
			isa = XCBuildConfiguration;
			buildSettings = {
				ALWAYS_SEARCH_USER_PATHS = NO;
				CLANG_ANALYZER_NONNULL = YES;
				CLANG_CXX_LANGUAGE_STANDARD = "gnu++0x";
				CLANG_CXX_LIBRARY = "libc++";
				CLANG_ENABLE_MODULES = YES;
				CLANG_ENABLE_OBJC_ARC = YES;
				CLANG_WARN_BOOL_CONVERSION = YES;
				CLANG_WARN_CONSTANT_CONVERSION = YES;
				CLANG_WARN_DIRECT_OBJC_ISA_USAGE = YES_ERROR;
				CLANG_WARN_DOCUMENTATION_COMMENTS = YES;
				CLANG_WARN_EMPTY_BODY = YES;
				CLANG_WARN_ENUM_CONVERSION = YES;
				CLANG_WARN_INFINITE_RECURSION = YES;
				CLANG_WARN_INT_CONVERSION = YES;
				CLANG_WARN_OBJC_ROOT_CLASS = YES_ERROR;
				CLANG_WARN_SUSPICIOUS_MOVES = YES;
				CLANG_WARN_UNREACHABLE_CODE = YES;
				CLANG_WARN__DUPLICATE_METHOD_MATCH = YES;
				"CODE_SIGN_IDENTITY[sdk=iphoneos*]" = "iPhone Developer";
				COPY_PHASE_STRIP = NO;
				DEBUG_INFORMATION_FORMAT = "dwarf-with-dsym";
				ENABLE_NS_ASSERTIONS = NO;
				ENABLE_STRICT_OBJC_MSGSEND = YES;
				GCC_C_LANGUAGE_STANDARD = gnu99;
				GCC_NO_COMMON_BLOCKS = YES;
				GCC_WARN_64_TO_32_BIT_CONVERSION = YES;
				GCC_WARN_ABOUT_RETURN_TYPE = YES_ERROR;
				GCC_WARN_UNDECLARED_SELECTOR = YES;
				GCC_WARN_UNINITIALIZED_AUTOS = YES_AGGRESSIVE;
				GCC_WARN_UNUSED_FUNCTION = YES;
				GCC_WARN_UNUSED_VARIABLE = YES;
				IPHONEOS_DEPLOYMENT_TARGET = 10.1;
				MTL_ENABLE_DEBUG_INFO = NO;
				SDKROOT = iphoneos;
				SWIFT_OPTIMIZATION_LEVEL = "-Owholemodule";
				VALIDATE_PRODUCT = YES;
			};
			name = Release;
		};
		AA9117E41DFBF53B00125FBC /* Debug */ = {
			isa = XCBuildConfiguration;
			buildSettings = {
				ASSETCATALOG_COMPILER_APPICON_NAME = AppIcon;
				DEVELOPMENT_TEAM = LN7UHJEGQE;
				INFOPLIST_FILE = DLCalculator/Info.plist;
				LD_RUNPATH_SEARCH_PATHS = "$(inherited) @executable_path/Frameworks";
				PRODUCT_BUNDLE_IDENTIFIER = davidlee.DLCalculator;
				PRODUCT_NAME = "$(TARGET_NAME)";
				SWIFT_VERSION = 3.0;
			};
			name = Debug;
		};
		AA9117E51DFBF53B00125FBC /* Release */ = {
			isa = XCBuildConfiguration;
			buildSettings = {
				ASSETCATALOG_COMPILER_APPICON_NAME = AppIcon;
				DEVELOPMENT_TEAM = LN7UHJEGQE;
				INFOPLIST_FILE = DLCalculator/Info.plist;
				LD_RUNPATH_SEARCH_PATHS = "$(inherited) @executable_path/Frameworks";
				PRODUCT_BUNDLE_IDENTIFIER = davidlee.DLCalculator;
				PRODUCT_NAME = "$(TARGET_NAME)";
				SWIFT_VERSION = 3.0;
			};
			name = Release;
		};
		AA9117E71DFBF53B00125FBC /* Debug */ = {
			isa = XCBuildConfiguration;
			buildSettings = {
				ALWAYS_EMBED_SWIFT_STANDARD_LIBRARIES = YES;
				BUNDLE_LOADER = "$(TEST_HOST)";
				DEVELOPMENT_TEAM = LN7UHJEGQE;
				INFOPLIST_FILE = DLCalculatorTests/Info.plist;
				LD_RUNPATH_SEARCH_PATHS = "$(inherited) @executable_path/Frameworks @loader_path/Frameworks";
				PRODUCT_BUNDLE_IDENTIFIER = davidlee.DLCalculatorTests;
				PRODUCT_NAME = "$(TARGET_NAME)";
				SWIFT_VERSION = 3.0;
				TEST_HOST = "$(BUILT_PRODUCTS_DIR)/DLCalculator.app/DLCalculator";
			};
			name = Debug;
		};
		AA9117E81DFBF53B00125FBC /* Release */ = {
			isa = XCBuildConfiguration;
			buildSettings = {
				ALWAYS_EMBED_SWIFT_STANDARD_LIBRARIES = YES;
				BUNDLE_LOADER = "$(TEST_HOST)";
				DEVELOPMENT_TEAM = LN7UHJEGQE;
				INFOPLIST_FILE = DLCalculatorTests/Info.plist;
				LD_RUNPATH_SEARCH_PATHS = "$(inherited) @executable_path/Frameworks @loader_path/Frameworks";
				PRODUCT_BUNDLE_IDENTIFIER = davidlee.DLCalculatorTests;
				PRODUCT_NAME = "$(TARGET_NAME)";
				SWIFT_VERSION = 3.0;
				TEST_HOST = "$(BUILT_PRODUCTS_DIR)/DLCalculator.app/DLCalculator";
			};
			name = Release;
		};
		AA9117EA1DFBF53B00125FBC /* Debug */ = {
			isa = XCBuildConfiguration;
			buildSettings = {
				ALWAYS_EMBED_SWIFT_STANDARD_LIBRARIES = YES;
				DEVELOPMENT_TEAM = LN7UHJEGQE;
				INFOPLIST_FILE = DLCalculatorUITests/Info.plist;
				LD_RUNPATH_SEARCH_PATHS = "$(inherited) @executable_path/Frameworks @loader_path/Frameworks";
				PRODUCT_BUNDLE_IDENTIFIER = davidlee.DLCalculatorUITests;
				PRODUCT_NAME = "$(TARGET_NAME)";
				SWIFT_VERSION = 3.0;
				TEST_TARGET_NAME = DLCalculator;
			};
			name = Debug;
		};
		AA9117EB1DFBF53B00125FBC /* Release */ = {
			isa = XCBuildConfiguration;
			buildSettings = {
				ALWAYS_EMBED_SWIFT_STANDARD_LIBRARIES = YES;
				DEVELOPMENT_TEAM = LN7UHJEGQE;
				INFOPLIST_FILE = DLCalculatorUITests/Info.plist;
				LD_RUNPATH_SEARCH_PATHS = "$(inherited) @executable_path/Frameworks @loader_path/Frameworks";
				PRODUCT_BUNDLE_IDENTIFIER = davidlee.DLCalculatorUITests;
				PRODUCT_NAME = "$(TARGET_NAME)";
				SWIFT_VERSION = 3.0;
				TEST_TARGET_NAME = DLCalculator;
			};
			name = Release;
		};
/* End XCBuildConfiguration section */

/* Begin XCConfigurationList section */
		AA9117B61DFBF53B00125FBC /* Build configuration list for PBXProject "DLCalculator" */ = {
			isa = XCConfigurationList;
			buildConfigurations = (
				AA9117E11DFBF53B00125FBC /* Debug */,
				AA9117E21DFBF53B00125FBC /* Release */,
			);
			defaultConfigurationIsVisible = 0;
			defaultConfigurationName = Release;
		};
		AA9117E31DFBF53B00125FBC /* Build configuration list for PBXNativeTarget "DLCalculator" */ = {
			isa = XCConfigurationList;
			buildConfigurations = (
				AA9117E41DFBF53B00125FBC /* Debug */,
				AA9117E51DFBF53B00125FBC /* Release */,
			);
			defaultConfigurationIsVisible = 0;
			defaultConfigurationName = Release;
		};
		AA9117E61DFBF53B00125FBC /* Build configuration list for PBXNativeTarget "DLCalculatorTests" */ = {
			isa = XCConfigurationList;
			buildConfigurations = (
				AA9117E71DFBF53B00125FBC /* Debug */,
				AA9117E81DFBF53B00125FBC /* Release */,
			);
			defaultConfigurationIsVisible = 0;
			defaultConfigurationName = Release;
		};
		AA9117E91DFBF53B00125FBC /* Build configuration list for PBXNativeTarget "DLCalculatorUITests" */ = {
			isa = XCConfigurationList;
			buildConfigurations = (
				AA9117EA1DFBF53B00125FBC /* Debug */,
				AA9117EB1DFBF53B00125FBC /* Release */,
			);
			defaultConfigurationIsVisible = 0;
			defaultConfigurationName = Release;
		};
/* End XCConfigurationList section */
	};
	rootObject = AA9117B31DFBF53B00125FBC /* Project object */;
}
